
Microsoft Visual Studio Solution File, Format Version 12.00
# Visual Studio Version 16
VisualStudioVersion = 16.0.32106.194
MinimumVisualStudioVersion = 10.0.40219.1
Project("{FAE04EC0-301F-11D3-BF4B-00C04F79EFBC}") = "027. paratlanszamokhatvantoltizenotig", "027. paratlanszamokhatvantoltizenotig\027. paratlanszamokhatvantoltizenotig.csproj", "{6ADE7F85-F135-4B6F-9811-1DE4A34C44AD}"
EndProject
Global
	GlobalSection(SolutionConfigurationPlatforms) = preSolution
		Debug|Any CPU = Debug|Any CPU
		Release|Any CPU = Release|Any CPU
	EndGlobalSection
	GlobalSection(ProjectConfigurationPlatforms) = postSolution
		{6ADE7F85-F135-4B6F-9811-1DE4A34C44AD}.Debug|Any CPU.ActiveCfg = Debug|Any CPU
		{6ADE7F85-F135-4B6F-9811-1DE4A34C44AD}.Debug|Any CPU.Build.0 = Debug|Any CPU
		{6ADE7F85-F135-4B6F-9811-1DE4A34C44AD}.Release|Any CPU.ActiveCfg = Release|Any CPU
		{6ADE7F85-F135-4B6F-9811-1DE4A34C44AD}.Release|Any CPU.Build.0 = Release|Any CPU
	EndGlobalSection
	GlobalSection(SolutionProperties) = preSolution
		HideSolutionNode = FALSE
	EndGlobalSection
	GlobalSection(ExtensibilityGlobals) = postSolution
		SolutionGuid = {0DAFED14-A1E1-4841-95D2-10070DB1EB22}
	EndGlobalSection
EndGlobal
